
Microsoft Visual Studio Solution File, Format Version 12.00
# Visual Studio Version 16
VisualStudioVersion = 16.0.31229.75
MinimumVisualStudioVersion = 10.0.40219.1
Project("{FAE04EC0-301F-11D3-BF4B-00C04F79EFBC}") = "Utility", "Utility\Utility.csproj", "{28C6E93F-72EE-4EE1-8BA3-02CF304046B1}"
EndProject
Global
	GlobalSection(SolutionConfigurationPlatforms) = preSolution
		Debug|Any CPU = Debug|Any CPU
		Release|Any CPU = Release|Any CPU
	EndGlobalSection
	GlobalSection(ProjectConfigurationPlatforms) = postSolution
		{28C6E93F-72EE-4EE1-8BA3-02CF304046B1}.Debug|Any CPU.ActiveCfg = Debug|Any CPU
		{28C6E93F-72EE-4EE1-8BA3-02CF304046B1}.Debug|Any CPU.Build.0 = Debug|Any CPU
		{28C6E93F-72EE-4EE1-8BA3-02CF304046B1}.Release|Any CPU.ActiveCfg = Release|Any CPU
		{28C6E93F-72EE-4EE1-8BA3-02CF304046B1}.Release|Any CPU.Build.0 = Release|Any CPU
	EndGlobalSection
	GlobalSection(SolutionProperties) = preSolution
		HideSolutionNode = FALSE
	EndGlobalSection
	GlobalSection(ExtensibilityGlobals) = postSolution
		SolutionGuid = {E29CEE57-2150-46E1-8398-BD4E609F4FC1}
	EndGlobalSection
EndGlobal
